{
  "name": "bopoolen-watcher",
  "version": "1.0.0",
  "lockfileVersion": 1,
  "requires": true,
  "dependencies": {
    "extend": {
      "version": "2.0.2",
      "resolved": "https://registry.npmjs.org/extend/-/extend-2.0.2.tgz",
      "integrity": "sha512-AgFD4VU+lVLP6vjnlNfF7OeInLTyeyckCNPEsuxz1vi786UuK/nk6ynPuhn/h+Ju9++TQyr5EpLRI14fc1QtTQ=="
    },
    "qs": {
      "version": "6.5.2",
      "resolved": "https://registry.npmjs.org/qs/-/qs-6.5.2.tgz",
      "integrity": "sha512-N5ZAX4/LxJmF+7wN74pUD6qAh9/wnvdQcjq9TZjevvXzSUo7bfmw91saqMjzGS2xq91/odN2dW/WOl7qQHNDGA=="
    },
    "url-assembler": {
      "version": "1.2.10",
      "resolved": "https://registry.npmjs.org/url-assembler/-/url-assembler-1.2.10.tgz",
      "integrity": "sha512-G8P/fFl62LpzngzDT26rvi05AAkp0DBhDwj1ynX2M4MXFoD9bzfO4wrK0XEhSZulsVPZyVTFg3zfjv0iYR4u8A==",
      "requires": {
        "extend": "^2.0.0",
        "qs": "^6.5.1"
      }
    }
  }
}
